// !$*UTF8*$!
{
	archiveVersion = 1;
	classes = {
	};
	objectVersion = 56;
	objects = {

/* Begin PBXBuildFile section */
		CF6687A32A89EB9700B8D0A0 /* AppDelegate.swift in Sources */ = {isa = PBXBuildFile; fileRef = CF6687A22A89EB9700B8D0A0 /* AppDelegate.swift */; };
		CF6687A52A89EB9700B8D0A0 /* GameScene.sks in Resources */ = {isa = PBXBuildFile; fileRef = CF6687A42A89EB9700B8D0A0 /* GameScene.sks */; };
		CF6687A72A89EB9700B8D0A0 /* Actions.sks in Resources */ = {isa = PBXBuildFile; fileRef = CF6687A62A89EB9700B8D0A0 /* Actions.sks */; };
		CF6687A92A89EB9700B8D0A0 /* GameScene.swift in Sources */ = {isa = PBXBuildFile; fileRef = CF6687A82A89EB9700B8D0A0 /* GameScene.swift */; };
		CF6687AB2A89EB9700B8D0A0 /* GameViewController.swift in Sources */ = {isa = PBXBuildFile; fileRef = CF6687AA2A89EB9700B8D0A0 /* GameViewController.swift */; };
		CF6687AE2A89EB9700B8D0A0 /* Main.storyboard in Resources */ = {isa = PBXBuildFile; fileRef = CF6687AC2A89EB9700B8D0A0 /* Main.storyboard */; };
		CF6687B32A89EB9800B8D0A0 /* LaunchScreen.storyboard in Resources */ = {isa = PBXBuildFile; fileRef = CF6687B12A89EB9800B8D0A0 /* LaunchScreen.storyboard */; };
		CF6687BD2A89EB9900B8D0A0 /* Lock_GameTests.swift in Sources */ = {isa = PBXBuildFile; fileRef = CF6687BC2A89EB9900B8D0A0 /* Lock_GameTests.swift */; };
		CF6687C72A89EB9900B8D0A0 /* Lock_GameUITests.swift in Sources */ = {isa = PBXBuildFile; fileRef = CF6687C62A89EB9900B8D0A0 /* Lock_GameUITests.swift */; };
		CF6687C92A89EB9900B8D0A0 /* Lock_GameUITestsLaunchTests.swift in Sources */ = {isa = PBXBuildFile; fileRef = CF6687C82A89EB9900B8D0A0 /* Lock_GameUITestsLaunchTests.swift */; };
		CF6687D62A89EBA900B8D0A0 /* Assets.xcassets in Resources */ = {isa = PBXBuildFile; fileRef = CF6687D52A89EBA900B8D0A0 /* Assets.xcassets */; };
		CF6687D92A89EC4000B8D0A0 /* Lock.swift in Sources */ = {isa = PBXBuildFile; fileRef = CF6687D82A89EC4000B8D0A0 /* Lock.swift */; };
		CF6687DB2A89EFBC00B8D0A0 /* Label.swift in Sources */ = {isa = PBXBuildFile; fileRef = CF6687DA2A89EFBC00B8D0A0 /* Label.swift */; };
		CF6687DD2A8B02AE00B8D0A0 /* Player.swift in Sources */ = {isa = PBXBuildFile; fileRef = CF6687DC2A8B02AE00B8D0A0 /* Player.swift */; };
		CF6687DF2A8B084600B8D0A0 /* Collectible.swift in Sources */ = {isa = PBXBuildFile; fileRef = CF6687DE2A8B084600B8D0A0 /* Collectible.swift */; };
		CF6687E12A8B368700B8D0A0 /* Fireworks.sks in Resources */ = {isa = PBXBuildFile; fileRef = CF6687E02A8B368700B8D0A0 /* Fireworks.sks */; };
/* End PBXBuildFile section */

/* Begin PBXContainerItemProxy section */
		CF6687B92A89EB9900B8D0A0 /* PBXContainerItemProxy */ = {
			isa = PBXContainerItemProxy;
			containerPortal = CF6687972A89EB9700B8D0A0 /* Project object */;
			proxyType = 1;
			remoteGlobalIDString = CF66879E2A89EB9700B8D0A0;
			remoteInfo = "Lock Game";
		};
		CF6687C32A89EB9900B8D0A0 /* PBXContainerItemProxy */ = {
			isa = PBXContainerItemProxy;
			containerPortal = CF6687972A89EB9700B8D0A0 /* Project object */;
			proxyType = 1;
			remoteGlobalIDString = CF66879E2A89EB9700B8D0A0;
			remoteInfo = "Lock Game";
		};
/* End PBXContainerItemProxy section */

/* Begin PBXFileReference section */
		CF66879F2A89EB9700B8D0A0 /* Lock Game.app */ = {isa = PBXFileReference; explicitFileType = wrapper.application; includeInIndex = 0; path = "Lock Game.app"; sourceTree = BUILT_PRODUCTS_DIR; };
		CF6687A22A89EB9700B8D0A0 /* AppDelegate.swift */ = {isa = PBXFileReference; lastKnownFileType = sourcecode.swift; path = AppDelegate.swift; sourceTree = "<group>"; };
		CF6687A42A89EB9700B8D0A0 /* GameScene.sks */ = {isa = PBXFileReference; lastKnownFileType = file.sks; path = GameScene.sks; sourceTree = "<group>"; };
		CF6687A62A89EB9700B8D0A0 /* Actions.sks */ = {isa = PBXFileReference; lastKnownFileType = file.sks; path = Actions.sks; sourceTree = "<group>"; };
		CF6687A82A89EB9700B8D0A0 /* GameScene.swift */ = {isa = PBXFileReference; lastKnownFileType = sourcecode.swift; path = GameScene.swift; sourceTree = "<group>"; };
		CF6687AA2A89EB9700B8D0A0 /* GameViewController.swift */ = {isa = PBXFileReference; lastKnownFileType = sourcecode.swift; path = GameViewController.swift; sourceTree = "<group>"; };
		CF6687AD2A89EB9700B8D0A0 /* Base */ = {isa = PBXFileReference; lastKnownFileType = file.storyboard; name = Base; path = Base.lproj/Main.storyboard; sourceTree = "<group>"; };
		CF6687B22A89EB9800B8D0A0 /* Base */ = {isa = PBXFileReference; lastKnownFileType = file.storyboard; name = Base; path = Base.lproj/LaunchScreen.storyboard; sourceTree = "<group>"; };
		CF6687B82A89EB9900B8D0A0 /* Lock GameTests.xctest */ = {isa = PBXFileReference; explicitFileType = wrapper.cfbundle; includeInIndex = 0; path = "Lock GameTests.xctest"; sourceTree = BUILT_PRODUCTS_DIR; };
		CF6687BC2A89EB9900B8D0A0 /* Lock_GameTests.swift */ = {isa = PBXFileReference; lastKnownFileType = sourcecode.swift; path = Lock_GameTests.swift; sourceTree = "<group>"; };
		CF6687C22A89EB9900B8D0A0 /* Lock GameUITests.xctest */ = {isa = PBXFileReference; explicitFileType = wrapper.cfbundle; includeInIndex = 0; path = "Lock GameUITests.xctest"; sourceTree = BUILT_PRODUCTS_DIR; };
		CF6687C62A89EB9900B8D0A0 /* Lock_GameUITests.swift */ = {isa = PBXFileReference; lastKnownFileType = sourcecode.swift; path = Lock_GameUITests.swift; sourceTree = "<group>"; };
		CF6687C82A89EB9900B8D0A0 /* Lock_GameUITestsLaunchTests.swift */ = {isa = PBXFileReference; lastKnownFileType = sourcecode.swift; path = Lock_GameUITestsLaunchTests.swift; sourceTree = "<group>"; };
		CF6687D52A89EBA900B8D0A0 /* Assets.xcassets */ = {isa = PBXFileReference; lastKnownFileType = folder.assetcatalog; name = Assets.xcassets; path = "../../Downloads/PopTheLock-master/PopTheLock/Assets.xcassets"; sourceTree = "<group>"; };
		CF6687D72A89EBB400B8D0A0 /* Assets.xcassets */ = {isa = PBXFileReference; lastKnownFileType = folder.assetcatalog; name = Assets.xcassets; path = "../../../Downloads/PopTheLock-master/PopTheLock/Assets.xcassets"; sourceTree = "<group>"; };
		CF6687D82A89EC4000B8D0A0 /* Lock.swift */ = {isa = PBXFileReference; lastKnownFileType = sourcecode.swift; path = Lock.swift; sourceTree = "<group>"; };
		CF6687DA2A89EFBC00B8D0A0 /* Label.swift */ = {isa = PBXFileReference; lastKnownFileType = sourcecode.swift; path = Label.swift; sourceTree = "<group>"; };
		CF6687DC2A8B02AE00B8D0A0 /* Player.swift */ = {isa = PBXFileReference; lastKnownFileType = sourcecode.swift; path = Player.swift; sourceTree = "<group>"; };
		CF6687DE2A8B084600B8D0A0 /* Collectible.swift */ = {isa = PBXFileReference; lastKnownFileType = sourcecode.swift; path = Collectible.swift; sourceTree = "<group>"; };
		CF6687E02A8B368700B8D0A0 /* Fireworks.sks */ = {isa = PBXFileReference; lastKnownFileType = file.sks; name = Fireworks.sks; path = "../../../Downloads/PopTheLock-master/PopTheLock/Fireworks.sks"; sourceTree = "<group>"; };
/* End PBXFileReference section */

/* Begin PBXFrameworksBuildPhase section */
		CF66879C2A89EB9700B8D0A0 /* Frameworks */ = {
			isa = PBXFrameworksBuildPhase;
			buildActionMask = 2147483647;
			files = (
			);
			runOnlyForDeploymentPostprocessing = 0;
		};
		CF6687B52A89EB9900B8D0A0 /* Frameworks */ = {
			isa = PBXFrameworksBuildPhase;
			buildActionMask = 2147483647;
			files = (
			);
			runOnlyForDeploymentPostprocessing = 0;
		};
		CF6687BF2A89EB9900B8D0A0 /* Frameworks */ = {
			isa = PBXFrameworksBuildPhase;
			buildActionMask = 2147483647;
			files = (
			);
			runOnlyForDeploymentPostprocessing = 0;
		};
/* End PBXFrameworksBuildPhase section */

/* Begin PBXGroup section */
		CF6687962A89EB9700B8D0A0 = {
			isa = PBXGroup;
			children = (
				CF6687D52A89EBA900B8D0A0 /* Assets.xcassets */,
				CF6687A12A89EB9700B8D0A0 /* Lock Game */,
				CF6687BB2A89EB9900B8D0A0 /* Lock GameTests */,
				CF6687C52A89EB9900B8D0A0 /* Lock GameUITests */,
				CF6687A02A89EB9700B8D0A0 /* Products */,
			);
			sourceTree = "<group>";
		};
		CF6687A02A89EB9700B8D0A0 /* Products */ = {
			isa = PBXGroup;
			children = (
				CF66879F2A89EB9700B8D0A0 /* Lock Game.app */,
				CF6687B82A89EB9900B8D0A0 /* Lock GameTests.xctest */,
				CF6687C22A89EB9900B8D0A0 /* Lock GameUITests.xctest */,
			);
			name = Products;
			sourceTree = "<group>";
		};
		CF6687A12A89EB9700B8D0A0 /* Lock Game */ = {
			isa = PBXGroup;
			children = (
				CF6687D72A89EBB400B8D0A0 /* Assets.xcassets */,
				CF6687A22A89EB9700B8D0A0 /* AppDelegate.swift */,
				CF6687A42A89EB9700B8D0A0 /* GameScene.sks */,
				CF6687E02A8B368700B8D0A0 /* Fireworks.sks */,
				CF6687A62A89EB9700B8D0A0 /* Actions.sks */,
				CF6687A82A89EB9700B8D0A0 /* GameScene.swift */,
				CF6687AA2A89EB9700B8D0A0 /* GameViewController.swift */,
				CF6687AC2A89EB9700B8D0A0 /* Main.storyboard */,
				CF6687B12A89EB9800B8D0A0 /* LaunchScreen.storyboard */,
				CF6687D82A89EC4000B8D0A0 /* Lock.swift */,
				CF6687DA2A89EFBC00B8D0A0 /* Label.swift */,
				CF6687DC2A8B02AE00B8D0A0 /* Player.swift */,
				CF6687DE2A8B084600B8D0A0 /* Collectible.swift */,
			);
			path = "Lock Game";
			sourceTree = "<group>";
		};
		CF6687BB2A89EB9900B8D0A0 /* Lock GameTests */ = {
			isa = PBXGroup;
			children = (
				CF6687BC2A89EB9900B8D0A0 /* Lock_GameTests.swift */,
			);
			path = "Lock GameTests";
			sourceTree = "<group>";
		};
		CF6687C52A89EB9900B8D0A0 /* Lock GameUITests */ = {
			isa = PBXGroup;
			children = (
				CF6687C62A89EB9900B8D0A0 /* Lock_GameUITests.swift */,
				CF6687C82A89EB9900B8D0A0 /* Lock_GameUITestsLaunchTests.swift */,
			);
			path = "Lock GameUITests";
			sourceTree = "<group>";
		};
/* End PBXGroup section */

/* Begin PBXNativeTarget section */
		CF66879E2A89EB9700B8D0A0 /* Lock Game */ = {
			isa = PBXNativeTarget;
			buildConfigurationList = CF6687CC2A89EB9900B8D0A0 /* Build configuration list for PBXNativeTarget "Lock Game" */;
			buildPhases = (
				CF66879B2A89EB9700B8D0A0 /* Sources */,
				CF66879C2A89EB9700B8D0A0 /* Frameworks */,
				CF66879D2A89EB9700B8D0A0 /* Resources */,
			);
			buildRules = (
			);
			dependencies = (
			);
			name = "Lock Game";
			productName = "Lock Game";
			productReference = CF66879F2A89EB9700B8D0A0 /* Lock Game.app */;
			productType = "com.apple.product-type.application";
		};
		CF6687B72A89EB9900B8D0A0 /* Lock GameTests */ = {
			isa = PBXNativeTarget;
			buildConfigurationList = CF6687CF2A89EB9900B8D0A0 /* Build configuration list for PBXNativeTarget "Lock GameTests" */;
			buildPhases = (
				CF6687B42A89EB9900B8D0A0 /* Sources */,
				CF6687B52A89EB9900B8D0A0 /* Frameworks */,
				CF6687B62A89EB9900B8D0A0 /* Resources */,
			);
			buildRules = (
			);
			dependencies = (
				CF6687BA2A89EB9900B8D0A0 /* PBXTargetDependency */,
			);
			name = "Lock GameTests";
			productName = "Lock GameTests";
			productReference = CF6687B82A89EB9900B8D0A0 /* Lock GameTests.xctest */;
			productType = "com.apple.product-type.bundle.unit-test";
		};
		CF6687C12A89EB9900B8D0A0 /* Lock GameUITests */ = {
			isa = PBXNativeTarget;
			buildConfigurationList = CF6687D22A89EB9900B8D0A0 /* Build configuration list for PBXNativeTarget "Lock GameUITests" */;
			buildPhases = (
				CF6687BE2A89EB9900B8D0A0 /* Sources */,
				CF6687BF2A89EB9900B8D0A0 /* Frameworks */,
				CF6687C02A89EB9900B8D0A0 /* Resources */,
			);
			buildRules = (
			);
			dependencies = (
				CF6687C42A89EB9900B8D0A0 /* PBXTargetDependency */,
			);
			name = "Lock GameUITests";
			productName = "Lock GameUITests";
			productReference = CF6687C22A89EB9900B8D0A0 /* Lock GameUITests.xctest */;
			productType = "com.apple.product-type.bundle.ui-testing";
		};
/* End PBXNativeTarget section */

/* Begin PBXProject section */
		CF6687972A89EB9700B8D0A0 /* Project object */ = {
			isa = PBXProject;
			attributes = {
				BuildIndependentTargetsInParallel = 1;
				LastSwiftUpdateCheck = 1430;
				LastUpgradeCheck = 1430;
				TargetAttributes = {
					CF66879E2A89EB9700B8D0A0 = {
						CreatedOnToolsVersion = 14.3.1;
					};
					CF6687B72A89EB9900B8D0A0 = {
						CreatedOnToolsVersion = 14.3.1;
						TestTargetID = CF66879E2A89EB9700B8D0A0;
					};
					CF6687C12A89EB9900B8D0A0 = {
						CreatedOnToolsVersion = 14.3.1;
						TestTargetID = CF66879E2A89EB9700B8D0A0;
					};
				};
			};
			buildConfigurationList = CF66879A2A89EB9700B8D0A0 /* Build configuration list for PBXProject "Lock Game" */;
			compatibilityVersion = "Xcode 14.0";
			developmentRegion = en;
			hasScannedForEncodings = 0;
			knownRegions = (
				en,
				Base,
			);
			mainGroup = CF6687962A89EB9700B8D0A0;
			productRefGroup = CF6687A02A89EB9700B8D0A0 /* Products */;
			projectDirPath = "";
			projectRoot = "";
			targets = (
				CF66879E2A89EB9700B8D0A0 /* Lock Game */,
				CF6687B72A89EB9900B8D0A0 /* Lock GameTests */,
				CF6687C12A89EB9900B8D0A0 /* Lock GameUITests */,
			);
		};
/* End PBXProject section */

/* Begin PBXResourcesBuildPhase section */
		CF66879D2A89EB9700B8D0A0 /* Resources */ = {
			isa = PBXResourcesBuildPhase;
			buildActionMask = 2147483647;
			files = (
				CF6687AE2A89EB9700B8D0A0 /* Main.storyboard in Resources */,
				CF6687A52A89EB9700B8D0A0 /* GameScene.sks in Resources */,
				CF6687B32A89EB9800B8D0A0 /* LaunchScreen.storyboard in Resources */,
				CF6687D62A89EBA900B8D0A0 /* Assets.xcassets in Resources */,
				CF6687E12A8B368700B8D0A0 /* Fireworks.sks in Resources */,
				CF6687A72A89EB9700B8D0A0 /* Actions.sks in Resources */,
			);
			runOnlyForDeploymentPostprocessing = 0;
		};
		CF6687B62A89EB9900B8D0A0 /* Resources */ = {
			isa = PBXResourcesBuildPhase;
			buildActionMask = 2147483647;
			files = (
			);
			runOnlyForDeploymentPostprocessing = 0;
		};
		CF6687C02A89EB9900B8D0A0 /* Resources */ = {
			isa = PBXResourcesBuildPhase;
			buildActionMask = 2147483647;
			files = (
			);
			runOnlyForDeploymentPostprocessing = 0;
		};
/* End PBXResourcesBuildPhase section */

/* Begin PBXSourcesBuildPhase section */
		CF66879B2A89EB9700B8D0A0 /* Sources */ = {
			isa = PBXSourcesBuildPhase;
			buildActionMask = 2147483647;
			files = (
				CF6687A92A89EB9700B8D0A0 /* GameScene.swift in Sources */,
				CF6687AB2A89EB9700B8D0A0 /* GameViewController.swift in Sources */,
				CF6687D92A89EC4000B8D0A0 /* Lock.swift in Sources */,
				CF6687DB2A89EFBC00B8D0A0 /* Label.swift in Sources */,
				CF6687DF2A8B084600B8D0A0 /* Collectible.swift in Sources */,
				CF6687DD2A8B02AE00B8D0A0 /* Player.swift in Sources */,
				CF6687A32A89EB9700B8D0A0 /* AppDelegate.swift in Sources */,
			);
			runOnlyForDeploymentPostprocessing = 0;
		};
		CF6687B42A89EB9900B8D0A0 /* Sources */ = {
			isa = PBXSourcesBuildPhase;
			buildActionMask = 2147483647;
			files = (
				CF6687BD2A89EB9900B8D0A0 /* Lock_GameTests.swift in Sources */,
			);
			runOnlyForDeploymentPostprocessing = 0;
		};
		CF6687BE2A89EB9900B8D0A0 /* Sources */ = {
			isa = PBXSourcesBuildPhase;
			buildActionMask = 2147483647;
			files = (
				CF6687C72A89EB9900B8D0A0 /* Lock_GameUITests.swift in Sources */,
				CF6687C92A89EB9900B8D0A0 /* Lock_GameUITestsLaunchTests.swift in Sources */,
			);
			runOnlyForDeploymentPostprocessing = 0;
		};
/* End PBXSourcesBuildPhase section */

/* Begin PBXTargetDependency section */
		CF6687BA2A89EB9900B8D0A0 /* PBXTargetDependency */ = {
			isa = PBXTargetDependency;
			target = CF66879E2A89EB9700B8D0A0 /* Lock Game */;
			targetProxy = CF6687B92A89EB9900B8D0A0 /* PBXContainerItemProxy */;
		};
		CF6687C42A89EB9900B8D0A0 /* PBXTargetDependency */ = {
			isa = PBXTargetDependency;
			target = CF66879E2A89EB9700B8D0A0 /* Lock Game */;
			targetProxy = CF6687C32A89EB9900B8D0A0 /* PBXContainerItemProxy */;
		};
/* End PBXTargetDependency section */

/* Begin PBXVariantGroup section */
		CF6687AC2A89EB9700B8D0A0 /* Main.storyboard */ = {
			isa = PBXVariantGroup;
			children = (
				CF6687AD2A89EB9700B8D0A0 /* Base */,
			);
			name = Main.storyboard;
			sourceTree = "<group>";
		};
		CF6687B12A89EB9800B8D0A0 /* LaunchScreen.storyboard */ = {
			isa = PBXVariantGroup;
			children = (
				CF6687B22A89EB9800B8D0A0 /* Base */,
			);
			name = LaunchScreen.storyboard;
			sourceTree = "<group>";
		};
/* End PBXVariantGroup section */

/* Begin XCBuildConfiguration section */
		CF6687CA2A89EB9900B8D0A0 /* Debug */ = {
			isa = XCBuildConfiguration;
			buildSettings = {
				ALWAYS_SEARCH_USER_PATHS = NO;
				CLANG_ANALYZER_NONNULL = YES;
				CLANG_ANALYZER_NUMBER_OBJECT_CONVERSION = YES_AGGRESSIVE;
				CLANG_CXX_LANGUAGE_STANDARD = "gnu++20";
				CLANG_ENABLE_MODULES = YES;
				CLANG_ENABLE_OBJC_ARC = YES;
				CLANG_ENABLE_OBJC_WEAK = YES;
				CLANG_WARN_BLOCK_CAPTURE_AUTORELEASING = YES;
				CLANG_WARN_BOOL_CONVERSION = YES;
				CLANG_WARN_COMMA = YES;
				CLANG_WARN_CONSTANT_CONVERSION = YES;
				CLANG_WARN_DEPRECATED_OBJC_IMPLEMENTATIONS = YES;
				CLANG_WARN_DIRECT_OBJC_ISA_USAGE = YES_ERROR;
				CLANG_WARN_DOCUMENTATION_COMMENTS = YES;
				CLANG_WARN_EMPTY_BODY = YES;
				CLANG_WARN_ENUM_CONVERSION = YES;
				CLANG_WARN_INFINITE_RECURSION = YES;
				CLANG_WARN_INT_CONVERSION = YES;
				CLANG_WARN_NON_LITERAL_NULL_CONVERSION = YES;
				CLANG_WARN_OBJC_IMPLICIT_RETAIN_SELF = YES;
				CLANG_WARN_OBJC_LITERAL_CONVERSION = YES;
				CLANG_WARN_OBJC_ROOT_CLASS = YES_ERROR;
				CLANG_WARN_QUOTED_INCLUDE_IN_FRAMEWORK_HEADER = YES;
				CLANG_WARN_RANGE_LOOP_ANALYSIS = YES;
				CLANG_WARN_STRICT_PROTOTYPES = YES;
				CLANG_WARN_SUSPICIOUS_MOVE = YES;
				CLANG_WARN_UNGUARDED_AVAILABILITY = YES_AGGRESSIVE;
				CLANG_WARN_UNREACHABLE_CODE = YES;
				CLANG_WARN__DUPLICATE_METHOD_MATCH = YES;
				COPY_PHASE_STRIP = NO;
				DEBUG_INFORMATION_FORMAT = dwarf;
				ENABLE_STRICT_OBJC_MSGSEND = YES;
				ENABLE_TESTABILITY = YES;
				GCC_C_LANGUAGE_STANDARD = gnu11;
				GCC_DYNAMIC_NO_PIC = NO;
				GCC_NO_COMMON_BLOCKS = YES;
				GCC_OPTIMIZATION_LEVEL = 0;
				GCC_PREPROCESSOR_DEFINITIONS = (
					"DEBUG=1",
					"$(inherited)",
				);
				GCC_WARN_64_TO_32_BIT_CONVERSION = YES;
				GCC_WARN_ABOUT_RETURN_TYPE = YES_ERROR;
				GCC_WARN_UNDECLARED_SELECTOR = YES;
				GCC_WARN_UNINITIALIZED_AUTOS = YES_AGGRESSIVE;
				GCC_WARN_UNUSED_FUNCTION = YES;
				GCC_WARN_UNUSED_VARIABLE = YES;
				IPHONEOS_DEPLOYMENT_TARGET = 16.4;
				MTL_ENABLE_DEBUG_INFO = INCLUDE_SOURCE;
				MTL_FAST_MATH = YES;
				ONLY_ACTIVE_ARCH = YES;
				SDKROOT = iphoneos;
				SWIFT_ACTIVE_COMPILATION_CONDITIONS = DEBUG;
				SWIFT_OPTIMIZATION_LEVEL = "-Onone";
			};
			name = Debug;
		};
		CF6687CB2A89EB9900B8D0A0 /* Release */ = {
			isa = XCBuildConfiguration;
			buildSettings = {
				ALWAYS_SEARCH_USER_PATHS = NO;
				CLANG_ANALYZER_NONNULL = YES;
				CLANG_ANALYZER_NUMBER_OBJECT_CONVERSION = YES_AGGRESSIVE;
				CLANG_CXX_LANGUAGE_STANDARD = "gnu++20";
				CLANG_ENABLE_MODULES = YES;
				CLANG_ENABLE_OBJC_ARC = YES;
				CLANG_ENABLE_OBJC_WEAK = YES;
				CLANG_WARN_BLOCK_CAPTURE_AUTORELEASING = YES;
				CLANG_WARN_BOOL_CONVERSION = YES;
				CLANG_WARN_COMMA = YES;
				CLANG_WARN_CONSTANT_CONVERSION = YES;
				CLANG_WARN_DEPRECATED_OBJC_IMPLEMENTATIONS = YES;
				CLANG_WARN_DIRECT_OBJC_ISA_USAGE = YES_ERROR;
				CLANG_WARN_DOCUMENTATION_COMMENTS = YES;
				CLANG_WARN_EMPTY_BODY = YES;
				CLANG_WARN_ENUM_CONVERSION = YES;
				CLANG_WARN_INFINITE_RECURSION = YES;
				CLANG_WARN_INT_CONVERSION = YES;
				CLANG_WARN_NON_LITERAL_NULL_CONVERSION = YES;
				CLANG_WARN_OBJC_IMPLICIT_RETAIN_SELF = YES;
				CLANG_WARN_OBJC_LITERAL_CONVERSION = YES;
				CLANG_WARN_OBJC_ROOT_CLASS = YES_ERROR;
				CLANG_WARN_QUOTED_INCLUDE_IN_FRAMEWORK_HEADER = YES;
				CLANG_WARN_RANGE_LOOP_ANALYSIS = YES;
				CLANG_WARN_STRICT_PROTOTYPES = YES;
				CLANG_WARN_SUSPICIOUS_MOVE = YES;
				CLANG_WARN_UNGUARDED_AVAILABILITY = YES_AGGRESSIVE;
				CLANG_WARN_UNREACHABLE_CODE = YES;
				CLANG_WARN__DUPLICATE_METHOD_MATCH = YES;
				COPY_PHASE_STRIP = NO;
				DEBUG_INFORMATION_FORMAT = "dwarf-with-dsym";
				ENABLE_NS_ASSERTIONS = NO;
				ENABLE_STRICT_OBJC_MSGSEND = YES;
				GCC_C_LANGUAGE_STANDARD = gnu11;
				GCC_NO_COMMON_BLOCKS = YES;
				GCC_WARN_64_TO_32_BIT_CONVERSION = YES;
				GCC_WARN_ABOUT_RETURN_TYPE = YES_ERROR;
				GCC_WARN_UNDECLARED_SELECTOR = YES;
				GCC_WARN_UNINITIALIZED_AUTOS = YES_AGGRESSIVE;
				GCC_WARN_UNUSED_FUNCTION = YES;
				GCC_WARN_UNUSED_VARIABLE = YES;
				IPHONEOS_DEPLOYMENT_TARGET = 16.4;
				MTL_ENABLE_DEBUG_INFO = NO;
				MTL_FAST_MATH = YES;
				SDKROOT = iphoneos;
				SWIFT_COMPILATION_MODE = wholemodule;
				SWIFT_OPTIMIZATION_LEVEL = "-O";
				VALIDATE_PRODUCT = YES;
			};
			name = Release;
		};
		CF6687CD2A89EB9900B8D0A0 /* Debug */ = {
			isa = XCBuildConfiguration;
			buildSettings = {
				ASSETCATALOG_COMPILER_APPICON_NAME = AppIcon;
				ASSETCATALOG_COMPILER_GLOBAL_ACCENT_COLOR_NAME = AccentColor;
				CODE_SIGN_STYLE = Automatic;
				CURRENT_PROJECT_VERSION = 1;
				GENERATE_INFOPLIST_FILE = YES;
				INFOPLIST_KEY_UIApplicationSupportsIndirectInputEvents = YES;
				INFOPLIST_KEY_UILaunchStoryboardName = LaunchScreen;
				INFOPLIST_KEY_UIMainStoryboardFile = Main;
				INFOPLIST_KEY_UIStatusBarHidden = YES;
				INFOPLIST_KEY_UISupportedInterfaceOrientations_iPad = "UIInterfaceOrientationPortrait UIInterfaceOrientationPortraitUpsideDown UIInterfaceOrientationLandscapeLeft UIInterfaceOrientationLandscapeRight";
				INFOPLIST_KEY_UISupportedInterfaceOrientations_iPhone = "UIInterfaceOrientationPortrait UIInterfaceOrientationLandscapeLeft UIInterfaceOrientationLandscapeRight";
				LD_RUNPATH_SEARCH_PATHS = (
					"$(inherited)",
					"@executable_path/Frameworks",
				);
				MARKETING_VERSION = 1.0;
				PRODUCT_BUNDLE_IDENTIFIER = "RGames.Lock-Game";
				PRODUCT_NAME = "$(TARGET_NAME)";
				SWIFT_EMIT_LOC_STRINGS = YES;
				SWIFT_VERSION = 5.0;
				TARGETED_DEVICE_FAMILY = "1,2";
			};
			name = Debug;
		};
		CF6687CE2A89EB9900B8D0A0 /* Release */ = {
			isa = XCBuildConfiguration;
			buildSettings = {
				ASSETCATALOG_COMPILER_APPICON_NAME = AppIcon;
				ASSETCATALOG_COMPILER_GLOBAL_ACCENT_COLOR_NAME = AccentColor;
				CODE_SIGN_STYLE = Automatic;
				CURRENT_PROJECT_VERSION = 1;
				GENERATE_INFOPLIST_FILE = YES;
				INFOPLIST_KEY_UIApplicationSupportsIndirectInputEvents = YES;
				INFOPLIST_KEY_UILaunchStoryboardName = LaunchScreen;
				INFOPLIST_KEY_UIMainStoryboardFile = Main;
				INFOPLIST_KEY_UIStatusBarHidden = YES;
				INFOPLIST_KEY_UISupportedInterfaceOrientations_iPad = "UIInterfaceOrientationPortrait UIInterfaceOrientationPortraitUpsideDown UIInterfaceOrientationLandscapeLeft UIInterfaceOrientationLandscapeRight";
				INFOPLIST_KEY_UISupportedInterfaceOrientations_iPhone = "UIInterfaceOrientationPortrait UIInterfaceOrientationLandscapeLeft UIInterfaceOrientationLandscapeRight";
				LD_RUNPATH_SEARCH_PATHS = (
					"$(inherited)",
					"@executable_path/Frameworks",
				);
				MARKETING_VERSION = 1.0;
				PRODUCT_BUNDLE_IDENTIFIER = "RGames.Lock-Game";
				PRODUCT_NAME = "$(TARGET_NAME)";
				SWIFT_EMIT_LOC_STRINGS = YES;
				SWIFT_VERSION = 5.0;
				TARGETED_DEVICE_FAMILY = "1,2";
			};
			name = Release;
		};
		CF6687D02A89EB9900B8D0A0 /* Debug */ = {
			isa = XCBuildConfiguration;
			buildSettings = {
				ALWAYS_EMBED_SWIFT_STANDARD_LIBRARIES = YES;
				BUNDLE_LOADER = "$(TEST_HOST)";
				CODE_SIGN_STYLE = Automatic;
				CURRENT_PROJECT_VERSION = 1;
				GENERATE_INFOPLIST_FILE = YES;
				IPHONEOS_DEPLOYMENT_TARGET = 16.4;
				MARKETING_VERSION = 1.0;
				PRODUCT_BUNDLE_IDENTIFIER = "RGames.Lock-GameTests";
				PRODUCT_NAME = "$(TARGET_NAME)";
				SWIFT_EMIT_LOC_STRINGS = NO;
				SWIFT_VERSION = 5.0;
				TARGETED_DEVICE_FAMILY = "1,2";
				TEST_HOST = "$(BUILT_PRODUCTS_DIR)/Lock Game.app/$(BUNDLE_EXECUTABLE_FOLDER_PATH)/Lock Game";
			};
			name = Debug;
		};
		CF6687D12A89EB9900B8D0A0 /* Release */ = {
			isa = XCBuildConfiguration;
			buildSettings = {
				ALWAYS_EMBED_SWIFT_STANDARD_LIBRARIES = YES;
				BUNDLE_LOADER = "$(TEST_HOST)";
				CODE_SIGN_STYLE = Automatic;
				CURRENT_PROJECT_VERSION = 1;
				GENERATE_INFOPLIST_FILE = YES;
				IPHONEOS_DEPLOYMENT_TARGET = 16.4;
				MARKETING_VERSION = 1.0;
				PRODUCT_BUNDLE_IDENTIFIER = "RGames.Lock-GameTests";
				PRODUCT_NAME = "$(TARGET_NAME)";
				SWIFT_EMIT_LOC_STRINGS = NO;
				SWIFT_VERSION = 5.0;
				TARGETED_DEVICE_FAMILY = "1,2";
				TEST_HOST = "$(BUILT_PRODUCTS_DIR)/Lock Game.app/$(BUNDLE_EXECUTABLE_FOLDER_PATH)/Lock Game";
			};
			name = Release;
		};
		CF6687D32A89EB9900B8D0A0 /* Debug */ = {
			isa = XCBuildConfiguration;
			buildSettings = {
				ALWAYS_EMBED_SWIFT_STANDARD_LIBRARIES = YES;
				CODE_SIGN_STYLE = Automatic;
				CURRENT_PROJECT_VERSION = 1;
				GENERATE_INFOPLIST_FILE = YES;
				MARKETING_VERSION = 1.0;
				PRODUCT_BUNDLE_IDENTIFIER = "RGames.Lock-GameUITests";
				PRODUCT_NAME = "$(TARGET_NAME)";
				SWIFT_EMIT_LOC_STRINGS = NO;
				SWIFT_VERSION = 5.0;
				TARGETED_DEVICE_FAMILY = "1,2";
				TEST_TARGET_NAME = "Lock Game";
			};
			name = Debug;
		};
		CF6687D42A89EB9900B8D0A0 /* Release */ = {
			isa = XCBuildConfiguration;
			buildSettings = {
				ALWAYS_EMBED_SWIFT_STANDARD_LIBRARIES = YES;
				CODE_SIGN_STYLE = Automatic;
				CURRENT_PROJECT_VERSION = 1;
				GENERATE_INFOPLIST_FILE = YES;
				MARKETING_VERSION = 1.0;
				PRODUCT_BUNDLE_IDENTIFIER = "RGames.Lock-GameUITests";
				PRODUCT_NAME = "$(TARGET_NAME)";
				SWIFT_EMIT_LOC_STRINGS = NO;
				SWIFT_VERSION = 5.0;
				TARGETED_DEVICE_FAMILY = "1,2";
				TEST_TARGET_NAME = "Lock Game";
			};
			name = Release;
		};
/* End XCBuildConfiguration section */

/* Begin XCConfigurationList section */
		CF66879A2A89EB9700B8D0A0 /* Build configuration list for PBXProject "Lock Game" */ = {
			isa = XCConfigurationList;
			buildConfigurations = (
				CF6687CA2A89EB9900B8D0A0 /* Debug */,
				CF6687CB2A89EB9900B8D0A0 /* Release */,
			);
			defaultConfigurationIsVisible = 0;
			defaultConfigurationName = Release;
		};
		CF6687CC2A89EB9900B8D0A0 /* Build configuration list for PBXNativeTarget "Lock Game" */ = {
			isa = XCConfigurationList;
			buildConfigurations = (
				CF6687CD2A89EB9900B8D0A0 /* Debug */,
				CF6687CE2A89EB9900B8D0A0 /* Release */,
			);
			defaultConfigurationIsVisible = 0;
			defaultConfigurationName = Release;
		};
		CF6687CF2A89EB9900B8D0A0 /* Build configuration list for PBXNativeTarget "Lock GameTests" */ = {
			isa = XCConfigurationList;
			buildConfigurations = (
				CF6687D02A89EB9900B8D0A0 /* Debug */,
				CF6687D12A89EB9900B8D0A0 /* Release */,
			);
			defaultConfigurationIsVisible = 0;
			defaultConfigurationName = Release;
		};
		CF6687D22A89EB9900B8D0A0 /* Build configuration list for PBXNativeTarget "Lock GameUITests" */ = {
			isa = XCConfigurationList;
			buildConfigurations = (
				CF6687D32A89EB9900B8D0A0 /* Debug */,
				CF6687D42A89EB9900B8D0A0 /* Release */,
			);
			defaultConfigurationIsVisible = 0;
			defaultConfigurationName = Release;
		};
/* End XCConfigurationList section */
	};
	rootObject = CF6687972A89EB9700B8D0A0 /* Project object */;
}
